
Microsoft Visual Studio Solution File, Format Version 12.00
# Visual Studio Version 17
VisualStudioVersion = 17.1.32421.90
MinimumVisualStudioVersion = 10.0.40219.1
Project("{2150E333-8FDC-42A3-9474-1A3956D46DE8}") = "Services", "Services", "{BCBF4A0C-882D-4866-B0FB-51D7122ED8F1}"
EndProject
Project("{FAE04EC0-301F-11D3-BF4B-00C04F79EFBC}") = "Oxxy.SelectiveProcess.Vehicle.Api", "Oxxy.SelectiveProcess.Vehicle.Api\Oxxy.SelectiveProcess.Vehicle.Api.csproj", "{4EB7BBC8-7C3D-40FC-ADEA-BB5FD9A722C4}"
EndProject
Project("{2150E333-8FDC-42A3-9474-1A3956D46DE8}") = "FrontEnd", "FrontEnd", "{347AF96C-1AB6-4165-BE53-120543139311}"
EndProject
Project("{FAE04EC0-301F-11D3-BF4B-00C04F79EFBC}") = "Oxxy.SelectiveProcess.Web", "Oxxy.SelectiveProcess.Web\Oxxy.SelectiveProcess.Web.csproj", "{3C896536-2F6B-4C2A-AAFA-622755E6EE64}"
EndProject
Global
	GlobalSection(SolutionConfigurationPlatforms) = preSolution
		Debug|Any CPU = Debug|Any CPU
		Release|Any CPU = Release|Any CPU
	EndGlobalSection
	GlobalSection(ProjectConfigurationPlatforms) = postSolution
		{4EB7BBC8-7C3D-40FC-ADEA-BB5FD9A722C4}.Debug|Any CPU.ActiveCfg = Debug|Any CPU
		{4EB7BBC8-7C3D-40FC-ADEA-BB5FD9A722C4}.Debug|Any CPU.Build.0 = Debug|Any CPU
		{4EB7BBC8-7C3D-40FC-ADEA-BB5FD9A722C4}.Release|Any CPU.ActiveCfg = Release|Any CPU
		{4EB7BBC8-7C3D-40FC-ADEA-BB5FD9A722C4}.Release|Any CPU.Build.0 = Release|Any CPU
		{3C896536-2F6B-4C2A-AAFA-622755E6EE64}.Debug|Any CPU.ActiveCfg = Debug|Any CPU
		{3C896536-2F6B-4C2A-AAFA-622755E6EE64}.Debug|Any CPU.Build.0 = Debug|Any CPU
		{3C896536-2F6B-4C2A-AAFA-622755E6EE64}.Release|Any CPU.ActiveCfg = Release|Any CPU
		{3C896536-2F6B-4C2A-AAFA-622755E6EE64}.Release|Any CPU.Build.0 = Release|Any CPU
	EndGlobalSection
	GlobalSection(SolutionProperties) = preSolution
		HideSolutionNode = FALSE
	EndGlobalSection
	GlobalSection(NestedProjects) = preSolution
		{4EB7BBC8-7C3D-40FC-ADEA-BB5FD9A722C4} = {BCBF4A0C-882D-4866-B0FB-51D7122ED8F1}
		{3C896536-2F6B-4C2A-AAFA-622755E6EE64} = {347AF96C-1AB6-4165-BE53-120543139311}
	EndGlobalSection
	GlobalSection(ExtensibilityGlobals) = postSolution
		SolutionGuid = {16018E7D-707A-4818-9759-B85DD8C715AA}
	EndGlobalSection
EndGlobal
